
Microsoft Visual Studio Solution File, Format Version 12.00
# Visual Studio Version 16
VisualStudioVersion = 16.0.31105.61
MinimumVisualStudioVersion = 10.0.40219.1
Project("{FAE04EC0-301F-11D3-BF4B-00C04F79EFBC}") = "ProxyPatternWFDEMO", "ProxyPatternWFDEMO\ProxyPatternWFDEMO.csproj", "{96047B61-761F-49C7-ACC1-2487D5976F43}"
EndProject
Global
	GlobalSection(SolutionConfigurationPlatforms) = preSolution
		Debug|Any CPU = Debug|Any CPU
		Release|Any CPU = Release|Any CPU
	EndGlobalSection
	GlobalSection(ProjectConfigurationPlatforms) = postSolution
		{96047B61-761F-49C7-ACC1-2487D5976F43}.Debug|Any CPU.ActiveCfg = Debug|Any CPU
		{96047B61-761F-49C7-ACC1-2487D5976F43}.Debug|Any CPU.Build.0 = Debug|Any CPU
		{96047B61-761F-49C7-ACC1-2487D5976F43}.Release|Any CPU.ActiveCfg = Release|Any CPU
		{96047B61-761F-49C7-ACC1-2487D5976F43}.Release|Any CPU.Build.0 = Release|Any CPU
	EndGlobalSection
	GlobalSection(SolutionProperties) = preSolution
		HideSolutionNode = FALSE
	EndGlobalSection
	GlobalSection(ExtensibilityGlobals) = postSolution
		SolutionGuid = {88C78694-EF65-4DBC-8AFF-FCF8F312CC71}
	EndGlobalSection
EndGlobal
